{
  "name": "wfsl-evidence-guard",
  "version": "0.1.0",
  "lockfileVersion": 3,
  "requires": true,
  "packages": {
    "../wfsl-licence-core": {
      "version": "0.1.0",
      "extraneous": true,
      "license": "MIT",
      "bin": {
        "wfsl-licence-issuer": "dist/issuer-cli.js"
      }
    }
  }
}
